// !$*UTF8*$!
{
	archiveVersion = 1;
	classes = {
	};
	objectVersion = 46;
	objects = {

/* Begin PBXBuildFile section */
		1D60589B0D05DD56006BFB54 /* main.m in Sources */ = {isa = PBXBuildFile; fileRef = 29B97316FDCFA39411CA2CEA /* main.m */; };
		1D60589F0D05DD5A006BFB54 /* Foundation.framework in Frameworks */ = {isa = PBXBuildFile; fileRef = 1D30AB110D05D00D00671497 /* Foundation.framework */; };
		1DF5F4E00D08C38300B7A737 /* UIKit.framework in Frameworks */ = {isa = PBXBuildFile; fileRef = 1DF5F4DF0D08C38300B7A737 /* UIKit.framework */; };
		2899E5220DE3E06400AC0155 /* HudDemoViewController.xib in Resources */ = {isa = PBXBuildFile; fileRef = 2899E5210DE3E06400AC0155 /* HudDemoViewController.xib */; };
		28AD733F0D9D9553002E5188 /* MainWindow.xib in Resources */ = {isa = PBXBuildFile; fileRef = 28AD733E0D9D9553002E5188 /* MainWindow.xib */; };
		28D7ACF80DDB3853001CB0EB /* HudDemoViewController.m in Sources */ = {isa = PBXBuildFile; fileRef = 28D7ACF70DDB3853001CB0EB /* HudDemoViewController.m */; };
		6C44066F14D77C1D0056E9BE /* CoreGraphics.framework in Frameworks */ = {isa = PBXBuildFile; fileRef = 6C44066E14D77C1D0056E9BE /* CoreGraphics.framework */; };
		6C583A3314D8380D00219C4E /* success.png in Resources */ = {isa = PBXBuildFile; fileRef = 6C583A3114D8380D00219C4E /* success.png */; };
		6C583A3414D8380D00219C4E /* success@2x.png in Resources */ = {isa = PBXBuildFile; fileRef = 6C583A3214D8380D00219C4E /* success@2x.png */; };
		6C583A3D14D85F8C00219C4E /* error.png in Resources */ = {isa = PBXBuildFile; fileRef = 6C583A3B14D85F8C00219C4E /* error.png */; };
		6C583A3E14D85F8C00219C4E /* error@2x.png in Resources */ = {isa = PBXBuildFile; fileRef = 6C583A3C14D85F8C00219C4E /* error@2x.png */; };
		6C7552AA158E63A4002C65BC /* DZProgressController.m in Sources */ = {isa = PBXBuildFile; fileRef = 6C7552A9158E63A4002C65BC /* DZProgressController.m */; };
		6CEB648414DE4AA900AD1AF6 /* QuartzCore.framework in Frameworks */ = {isa = PBXBuildFile; fileRef = 6CEB648314DE4AA900AD1AF6 /* QuartzCore.framework */; };
		D277FDB311FC834200304321 /* Default.png in Resources */ = {isa = PBXBuildFile; fileRef = D277FDB211FC834200304321 /* Default.png */; };
		D277FDB911FC877E00304321 /* Icon.png in Resources */ = {isa = PBXBuildFile; fileRef = D277FDB711FC877E00304321 /* Icon.png */; };
		D277FDBA11FC877E00304321 /* Icon@2x.png in Resources */ = {isa = PBXBuildFile; fileRef = D277FDB811FC877E00304321 /* Icon@2x.png */; };
		D2A6FD1D13ABC5A200BFE4C9 /* Default@2x.png in Resources */ = {isa = PBXBuildFile; fileRef = D2A6FD1C13ABC5A200BFE4C9 /* Default@2x.png */; };
		DBFF1DA01756A39000A51190 /* Default-568h@2x.png in Resources */ = {isa = PBXBuildFile; fileRef = DBFF1D9F1756A39000A51190 /* Default-568h@2x.png */; };
/* End PBXBuildFile section */

/* Begin PBXFileReference section */
		1D30AB110D05D00D00671497 /* Foundation.framework */ = {isa = PBXFileReference; lastKnownFileType = wrapper.framework; name = Foundation.framework; path = System/Library/Frameworks/Foundation.framework; sourceTree = SDKROOT; };
		1D6058910D05DD3D006BFB54 /* HudDemo.app */ = {isa = PBXFileReference; explicitFileType = wrapper.application; includeInIndex = 0; path = HudDemo.app; sourceTree = BUILT_PRODUCTS_DIR; };
		1DF5F4DF0D08C38300B7A737 /* UIKit.framework */ = {isa = PBXFileReference; lastKnownFileType = wrapper.framework; name = UIKit.framework; path = System/Library/Frameworks/UIKit.framework; sourceTree = SDKROOT; };
		2899E5210DE3E06400AC0155 /* HudDemoViewController.xib */ = {isa = PBXFileReference; lastKnownFileType = file.xib; path = HudDemoViewController.xib; sourceTree = "<group>"; };
		28AD733E0D9D9553002E5188 /* MainWindow.xib */ = {isa = PBXFileReference; lastKnownFileType = file.xib; path = MainWindow.xib; sourceTree = "<group>"; };
		28D7ACF60DDB3853001CB0EB /* HudDemoViewController.h */ = {isa = PBXFileReference; fileEncoding = 4; lastKnownFileType = sourcecode.c.h; path = HudDemoViewController.h; sourceTree = "<group>"; };
		28D7ACF70DDB3853001CB0EB /* HudDemoViewController.m */ = {isa = PBXFileReference; fileEncoding = 4; lastKnownFileType = sourcecode.c.objc; path = HudDemoViewController.m; sourceTree = "<group>"; usesTabs = 1; };
		29B97316FDCFA39411CA2CEA /* main.m */ = {isa = PBXFileReference; fileEncoding = 4; lastKnownFileType = sourcecode.c.objc; path = main.m; sourceTree = "<group>"; };
		6C44066E14D77C1D0056E9BE /* CoreGraphics.framework */ = {isa = PBXFileReference; lastKnownFileType = wrapper.framework; name = CoreGraphics.framework; path = System/Library/Frameworks/CoreGraphics.framework; sourceTree = SDKROOT; };
		6C583A3114D8380D00219C4E /* success.png */ = {isa = PBXFileReference; lastKnownFileType = image.png; path = success.png; sourceTree = "<group>"; };
		6C583A3214D8380D00219C4E /* success@2x.png */ = {isa = PBXFileReference; lastKnownFileType = image.png; path = "success@2x.png"; sourceTree = "<group>"; };
		6C583A3B14D85F8C00219C4E /* error.png */ = {isa = PBXFileReference; lastKnownFileType = image.png; path = error.png; sourceTree = "<group>"; };
		6C583A3C14D85F8C00219C4E /* error@2x.png */ = {isa = PBXFileReference; lastKnownFileType = image.png; path = "error@2x.png"; sourceTree = "<group>"; };
		6C7552A8158E63A4002C65BC /* DZProgressController.h */ = {isa = PBXFileReference; fileEncoding = 4; lastKnownFileType = sourcecode.c.h; path = DZProgressController.h; sourceTree = "<group>"; };
		6C7552A9158E63A4002C65BC /* DZProgressController.m */ = {isa = PBXFileReference; fileEncoding = 4; lastKnownFileType = sourcecode.c.objc; path = DZProgressController.m; sourceTree = "<group>"; };
		6CEB648314DE4AA900AD1AF6 /* QuartzCore.framework */ = {isa = PBXFileReference; lastKnownFileType = wrapper.framework; name = QuartzCore.framework; path = System/Library/Frameworks/QuartzCore.framework; sourceTree = SDKROOT; };
		8D1107310486CEB800E47090 /* HudDemo-Info.plist */ = {isa = PBXFileReference; fileEncoding = 4; lastKnownFileType = text.plist.xml; path = "HudDemo-Info.plist"; sourceTree = "<group>"; };
		D277FDB211FC834200304321 /* Default.png */ = {isa = PBXFileReference; lastKnownFileType = image.png; path = Default.png; sourceTree = "<group>"; };
		D277FDB711FC877E00304321 /* Icon.png */ = {isa = PBXFileReference; lastKnownFileType = image.png; path = Icon.png; sourceTree = "<group>"; };
		D277FDB811FC877E00304321 /* Icon@2x.png */ = {isa = PBXFileReference; lastKnownFileType = image.png; path = "Icon@2x.png"; sourceTree = "<group>"; };
		D2A6FD1C13ABC5A200BFE4C9 /* Default@2x.png */ = {isa = PBXFileReference; lastKnownFileType = image.png; path = "Default@2x.png"; sourceTree = "<group>"; };
		DBFF1D9F1756A39000A51190 /* Default-568h@2x.png */ = {isa = PBXFileReference; lastKnownFileType = image.png; name = "Default-568h@2x.png"; path = "../Default-568h@2x.png"; sourceTree = "<group>"; };
/* End PBXFileReference section */

/* Begin PBXFrameworksBuildPhase section */
		1D60588F0D05DD3D006BFB54 /* Frameworks */ = {
			isa = PBXFrameworksBuildPhase;
			buildActionMask = 2147483647;
			files = (
				6CEB648414DE4AA900AD1AF6 /* QuartzCore.framework in Frameworks */,
				6C44066F14D77C1D0056E9BE /* CoreGraphics.framework in Frameworks */,
				1D60589F0D05DD5A006BFB54 /* Foundation.framework in Frameworks */,
				1DF5F4E00D08C38300B7A737 /* UIKit.framework in Frameworks */,
			);
			runOnlyForDeploymentPostprocessing = 0;
		};
/* End PBXFrameworksBuildPhase section */

/* Begin PBXGroup section */
		080E96DDFE201D6D7F000001 /* HudDemo */ = {
			isa = PBXGroup;
			children = (
				28D7ACF60DDB3853001CB0EB /* HudDemoViewController.h */,
				28D7ACF70DDB3853001CB0EB /* HudDemoViewController.m */,
				2899E5210DE3E06400AC0155 /* HudDemoViewController.xib */,
				28AD733E0D9D9553002E5188 /* MainWindow.xib */,
				8D1107310486CEB800E47090 /* HudDemo-Info.plist */,
				29B97316FDCFA39411CA2CEA /* main.m */,
				6C583A3A14D83BA600219C4E /* Resources */,
			);
			path = HudDemo;
			sourceTree = "<group>";
		};
		19C28FACFE9D520D11CA2CBB /* Products */ = {
			isa = PBXGroup;
			children = (
				1D6058910D05DD3D006BFB54 /* HudDemo.app */,
			);
			name = Products;
			sourceTree = "<group>";
		};
		29B97314FDCFA39411CA2CEA /* CustomTemplate */ = {
			isa = PBXGroup;
			children = (
				6C7552A8158E63A4002C65BC /* DZProgressController.h */,
				6C7552A9158E63A4002C65BC /* DZProgressController.m */,
				D277FDBD11FC879500304321 /* Images */,
				080E96DDFE201D6D7F000001 /* HudDemo */,
				29B97323FDCFA39411CA2CEA /* Frameworks */,
				19C28FACFE9D520D11CA2CBB /* Products */,
			);
			name = CustomTemplate;
			sourceTree = "<group>";
		};
		29B97323FDCFA39411CA2CEA /* Frameworks */ = {
			isa = PBXGroup;
			children = (
				6CEB648314DE4AA900AD1AF6 /* QuartzCore.framework */,
				6C44066E14D77C1D0056E9BE /* CoreGraphics.framework */,
				1DF5F4DF0D08C38300B7A737 /* UIKit.framework */,
				1D30AB110D05D00D00671497 /* Foundation.framework */,
			);
			name = Frameworks;
			sourceTree = "<group>";
		};
		6C583A3A14D83BA600219C4E /* Resources */ = {
			isa = PBXGroup;
			children = (
				DBFF1D9F1756A39000A51190 /* Default-568h@2x.png */,
				D277FDB711FC877E00304321 /* Icon.png */,
				D277FDB811FC877E00304321 /* Icon@2x.png */,
				D277FDB211FC834200304321 /* Default.png */,
				D2A6FD1C13ABC5A200BFE4C9 /* Default@2x.png */,
			);
			path = Resources;
			sourceTree = "<group>";
		};
		D277FDBD11FC879500304321 /* Images */ = {
			isa = PBXGroup;
			children = (
				6C583A3114D8380D00219C4E /* success.png */,
				6C583A3214D8380D00219C4E /* success@2x.png */,
				6C583A3B14D85F8C00219C4E /* error.png */,
				6C583A3C14D85F8C00219C4E /* error@2x.png */,
			);
			path = Images;
			sourceTree = "<group>";
		};
/* End PBXGroup section */

/* Begin PBXNativeTarget section */
		1D6058900D05DD3D006BFB54 /* HudDemo */ = {
			isa = PBXNativeTarget;
			buildConfigurationList = 1D6058960D05DD3E006BFB54 /* Build configuration list for PBXNativeTarget "HudDemo" */;
			buildPhases = (
				1D60588D0D05DD3D006BFB54 /* Resources */,
				1D60588E0D05DD3D006BFB54 /* Sources */,
				1D60588F0D05DD3D006BFB54 /* Frameworks */,
			);
			buildRules = (
			);
			dependencies = (
			);
			name = HudDemo;
			productName = HudDemo;
			productReference = 1D6058910D05DD3D006BFB54 /* HudDemo.app */;
			productType = "com.apple.product-type.application";
		};
/* End PBXNativeTarget section */

/* Begin PBXProject section */
		29B97313FDCFA39411CA2CEA /* Project object */ = {
			isa = PBXProject;
			attributes = {
				LastUpgradeCheck = 0450;
			};
			buildConfigurationList = C01FCF4E08A954540054247B /* Build configuration list for PBXProject "HudDemo" */;
			compatibilityVersion = "Xcode 3.2";
			developmentRegion = English;
			hasScannedForEncodings = 1;
			knownRegions = (
				English,
				Japanese,
				French,
				German,
			);
			mainGroup = 29B97314FDCFA39411CA2CEA /* CustomTemplate */;
			projectDirPath = "";
			projectRoot = "";
			targets = (
				1D6058900D05DD3D006BFB54 /* HudDemo */,
			);
		};
/* End PBXProject section */

/* Begin PBXResourcesBuildPhase section */
		1D60588D0D05DD3D006BFB54 /* Resources */ = {
			isa = PBXResourcesBuildPhase;
			buildActionMask = 2147483647;
			files = (
				28AD733F0D9D9553002E5188 /* MainWindow.xib in Resources */,
				2899E5220DE3E06400AC0155 /* HudDemoViewController.xib in Resources */,
				D277FDB311FC834200304321 /* Default.png in Resources */,
				D277FDB911FC877E00304321 /* Icon.png in Resources */,
				D277FDBA11FC877E00304321 /* Icon@2x.png in Resources */,
				D2A6FD1D13ABC5A200BFE4C9 /* Default@2x.png in Resources */,
				6C583A3314D8380D00219C4E /* success.png in Resources */,
				6C583A3414D8380D00219C4E /* success@2x.png in Resources */,
				6C583A3D14D85F8C00219C4E /* error.png in Resources */,
				6C583A3E14D85F8C00219C4E /* error@2x.png in Resources */,
				DBFF1DA01756A39000A51190 /* Default-568h@2x.png in Resources */,
			);
			runOnlyForDeploymentPostprocessing = 0;
		};
/* End PBXResourcesBuildPhase section */

/* Begin PBXSourcesBuildPhase section */
		1D60588E0D05DD3D006BFB54 /* Sources */ = {
			isa = PBXSourcesBuildPhase;
			buildActionMask = 2147483647;
			files = (
				1D60589B0D05DD56006BFB54 /* main.m in Sources */,
				28D7ACF80DDB3853001CB0EB /* HudDemoViewController.m in Sources */,
				6C7552AA158E63A4002C65BC /* DZProgressController.m in Sources */,
			);
			runOnlyForDeploymentPostprocessing = 0;
		};
/* End PBXSourcesBuildPhase section */

/* Begin XCBuildConfiguration section */
		1D6058940D05DD3E006BFB54 /* Debug */ = {
			isa = XCBuildConfiguration;
			buildSettings = {
				ALWAYS_SEARCH_USER_PATHS = NO;
				COPY_PHASE_STRIP = NO;
				GCC_DYNAMIC_NO_PIC = NO;
				GCC_OPTIMIZATION_LEVEL = 0;
				GCC_PRECOMPILE_PREFIX_HEADER = YES;
				INFOPLIST_FILE = "HudDemo/HudDemo-Info.plist";
				IPHONEOS_DEPLOYMENT_TARGET = 5.0;
				PRODUCT_NAME = HudDemo;
				RUN_CLANG_STATIC_ANALYZER = YES;
			};
			name = Debug;
		};
		1D6058950D05DD3E006BFB54 /* Release */ = {
			isa = XCBuildConfiguration;
			buildSettings = {
				ALWAYS_SEARCH_USER_PATHS = NO;
				COPY_PHASE_STRIP = YES;
				GCC_PRECOMPILE_PREFIX_HEADER = YES;
				INFOPLIST_FILE = "HudDemo/HudDemo-Info.plist";
				IPHONEOS_DEPLOYMENT_TARGET = 5.0;
				PRODUCT_NAME = HudDemo;
				RUN_CLANG_STATIC_ANALYZER = YES;
				SDKROOT = iphoneos;
			};
			name = Release;
		};
		C01FCF4F08A954540054247B /* Debug */ = {
			isa = XCBuildConfiguration;
			buildSettings = {
				ARCHS = "$(ARCHS_STANDARD_32_BIT)";
				CLANG_ENABLE_OBJC_ARC = YES;
				CODE_SIGN_IDENTITY = "iPhone Developer";
				GCC_C_LANGUAGE_STANDARD = c99;
				GCC_VERSION = com.apple.compilers.llvm.clang.1_0;
				GCC_WARN_ABOUT_RETURN_TYPE = YES;
				GCC_WARN_UNUSED_VARIABLE = YES;
				ONLY_ACTIVE_ARCH = YES;
				PROVISIONING_PROFILE = "";
				SDKROOT = iphoneos;
			};
			name = Debug;
		};
		C01FCF5008A954540054247B /* Release */ = {
			isa = XCBuildConfiguration;
			buildSettings = {
				ARCHS = "$(ARCHS_STANDARD_32_BIT)";
				CLANG_ENABLE_OBJC_ARC = YES;
				CODE_SIGN_IDENTITY = "iPhone Distribution";
				GCC_C_LANGUAGE_STANDARD = c99;
				GCC_VERSION = com.apple.compilers.llvm.clang.1_0;
				GCC_WARN_ABOUT_RETURN_TYPE = YES;
				GCC_WARN_UNUSED_VARIABLE = YES;
				PROVISIONING_PROFILE = "";
				SDKROOT = iphoneos;
			};
			name = Release;
		};
/* End XCBuildConfiguration section */

/* Begin XCConfigurationList section */
		1D6058960D05DD3E006BFB54 /* Build configuration list for PBXNativeTarget "HudDemo" */ = {
			isa = XCConfigurationList;
			buildConfigurations = (
				1D6058940D05DD3E006BFB54 /* Debug */,
				1D6058950D05DD3E006BFB54 /* Release */,
			);
			defaultConfigurationIsVisible = 0;
			defaultConfigurationName = Release;
		};
		C01FCF4E08A954540054247B /* Build configuration list for PBXProject "HudDemo" */ = {
			isa = XCConfigurationList;
			buildConfigurations = (
				C01FCF4F08A954540054247B /* Debug */,
				C01FCF5008A954540054247B /* Release */,
			);
			defaultConfigurationIsVisible = 0;
			defaultConfigurationName = Release;
		};
/* End XCConfigurationList section */
	};
	rootObject = 29B97313FDCFA39411CA2CEA /* Project object */;
}
